// !$*UTF8*$!
{
	archiveVersion = 1;
	classes = {
	};
	objectVersion = 46;
	objects = {

/* Begin PBXBuildFile section */
		00C19C3E1BFDB38F00D597C9 /* main.m in Sources */ = {isa = PBXBuildFile; fileRef = 00C19C3D1BFDB38F00D597C9 /* main.m */; };
		00C19C411BFDB38F00D597C9 /* AppDelegate.m in Sources */ = {isa = PBXBuildFile; fileRef = 00C19C401BFDB38F00D597C9 /* AppDelegate.m */; };
		00C19C441BFDB38F00D597C9 /* ViewController.m in Sources */ = {isa = PBXBuildFile; fileRef = 00C19C431BFDB38F00D597C9 /* ViewController.m */; };
		00C19C471BFDB38F00D597C9 /* Main.storyboard in Resources */ = {isa = PBXBuildFile; fileRef = 00C19C451BFDB38F00D597C9 /* Main.storyboard */; };
		00C19C491BFDB38F00D597C9 /* Images.xcassets in Resources */ = {isa = PBXBuildFile; fileRef = 00C19C481BFDB38F00D597C9 /* Images.xcassets */; };
		00C19C4C1BFDB38F00D597C9 /* LaunchScreen.xib in Resources */ = {isa = PBXBuildFile; fileRef = 00C19C4A1BFDB38F00D597C9 /* LaunchScreen.xib */; };
		00C19C581BFDB38F00D597C9 /* RJKeyboardTests.m in Sources */ = {isa = PBXBuildFile; fileRef = 00C19C571BFDB38F00D597C9 /* RJKeyboardTests.m */; };
		00C19C631BFDB3E500D597C9 /* RJKeyboard.m in Sources */ = {isa = PBXBuildFile; fileRef = 00C19C621BFDB3E500D597C9 /* RJKeyboard.m */; };
/* End PBXBuildFile section */

/* Begin PBXContainerItemProxy section */
		00C19C521BFDB38F00D597C9 /* PBXContainerItemProxy */ = {
			isa = PBXContainerItemProxy;
			containerPortal = 00C19C301BFDB38F00D597C9 /* Project object */;
			proxyType = 1;
			remoteGlobalIDString = 00C19C371BFDB38F00D597C9;
			remoteInfo = RJKeyboard;
		};
/* End PBXContainerItemProxy section */

/* Begin PBXFileReference section */
		00C19C381BFDB38F00D597C9 /* RJKeyboard.app */ = {isa = PBXFileReference; explicitFileType = wrapper.application; includeInIndex = 0; path = RJKeyboard.app; sourceTree = BUILT_PRODUCTS_DIR; };
		00C19C3C1BFDB38F00D597C9 /* Info.plist */ = {isa = PBXFileReference; lastKnownFileType = text.plist.xml; path = Info.plist; sourceTree = "<group>"; };
		00C19C3D1BFDB38F00D597C9 /* main.m */ = {isa = PBXFileReference; lastKnownFileType = sourcecode.c.objc; path = main.m; sourceTree = "<group>"; };
		00C19C3F1BFDB38F00D597C9 /* AppDelegate.h */ = {isa = PBXFileReference; lastKnownFileType = sourcecode.c.h; path = AppDelegate.h; sourceTree = "<group>"; };
		00C19C401BFDB38F00D597C9 /* AppDelegate.m */ = {isa = PBXFileReference; lastKnownFileType = sourcecode.c.objc; path = AppDelegate.m; sourceTree = "<group>"; };
		00C19C421BFDB38F00D597C9 /* ViewController.h */ = {isa = PBXFileReference; lastKnownFileType = sourcecode.c.h; path = ViewController.h; sourceTree = "<group>"; };
		00C19C431BFDB38F00D597C9 /* ViewController.m */ = {isa = PBXFileReference; lastKnownFileType = sourcecode.c.objc; path = ViewController.m; sourceTree = "<group>"; };
		00C19C461BFDB38F00D597C9 /* Base */ = {isa = PBXFileReference; lastKnownFileType = file.storyboard; name = Base; path = Base.lproj/Main.storyboard; sourceTree = "<group>"; };
		00C19C481BFDB38F00D597C9 /* Images.xcassets */ = {isa = PBXFileReference; lastKnownFileType = folder.assetcatalog; path = Images.xcassets; sourceTree = "<group>"; };
		00C19C4B1BFDB38F00D597C9 /* Base */ = {isa = PBXFileReference; lastKnownFileType = file.xib; name = Base; path = Base.lproj/LaunchScreen.xib; sourceTree = "<group>"; };
		00C19C511BFDB38F00D597C9 /* RJKeyboardTests.xctest */ = {isa = PBXFileReference; explicitFileType = wrapper.cfbundle; includeInIndex = 0; path = RJKeyboardTests.xctest; sourceTree = BUILT_PRODUCTS_DIR; };
		00C19C561BFDB38F00D597C9 /* Info.plist */ = {isa = PBXFileReference; lastKnownFileType = text.plist.xml; path = Info.plist; sourceTree = "<group>"; };
		00C19C571BFDB38F00D597C9 /* RJKeyboardTests.m */ = {isa = PBXFileReference; lastKnownFileType = sourcecode.c.objc; path = RJKeyboardTests.m; sourceTree = "<group>"; };
		00C19C611BFDB3E500D597C9 /* RJKeyboard.h */ = {isa = PBXFileReference; fileEncoding = 4; lastKnownFileType = sourcecode.c.h; path = RJKeyboard.h; sourceTree = "<group>"; };
		00C19C621BFDB3E500D597C9 /* RJKeyboard.m */ = {isa = PBXFileReference; fileEncoding = 4; lastKnownFileType = sourcecode.c.objc; path = RJKeyboard.m; sourceTree = "<group>"; };
/* End PBXFileReference section */

/* Begin PBXFrameworksBuildPhase section */
		00C19C351BFDB38F00D597C9 /* Frameworks */ = {
			isa = PBXFrameworksBuildPhase;
			buildActionMask = 2147483647;
			files = (
			);
			runOnlyForDeploymentPostprocessing = 0;
		};
		00C19C4E1BFDB38F00D597C9 /* Frameworks */ = {
			isa = PBXFrameworksBuildPhase;
			buildActionMask = 2147483647;
			files = (
			);
			runOnlyForDeploymentPostprocessing = 0;
		};
/* End PBXFrameworksBuildPhase section */

/* Begin PBXGroup section */
		00C19C2F1BFDB38F00D597C9 = {
			isa = PBXGroup;
			children = (
				00C19C3A1BFDB38F00D597C9 /* RJKeyboard */,
				00C19C541BFDB38F00D597C9 /* RJKeyboardTests */,
				00C19C391BFDB38F00D597C9 /* Products */,
			);
			sourceTree = "<group>";
		};
		00C19C391BFDB38F00D597C9 /* Products */ = {
			isa = PBXGroup;
			children = (
				00C19C381BFDB38F00D597C9 /* RJKeyboard.app */,
				00C19C511BFDB38F00D597C9 /* RJKeyboardTests.xctest */,
			);
			name = Products;
			sourceTree = "<group>";
		};
		00C19C3A1BFDB38F00D597C9 /* RJKeyboard */ = {
			isa = PBXGroup;
			children = (
				00C19C3F1BFDB38F00D597C9 /* AppDelegate.h */,
				00C19C401BFDB38F00D597C9 /* AppDelegate.m */,
				00C19C421BFDB38F00D597C9 /* ViewController.h */,
				00C19C431BFDB38F00D597C9 /* ViewController.m */,
				00C19C451BFDB38F00D597C9 /* Main.storyboard */,
				00C19C481BFDB38F00D597C9 /* Images.xcassets */,
				00C19C4A1BFDB38F00D597C9 /* LaunchScreen.xib */,
				00C19C3B1BFDB38F00D597C9 /* Supporting Files */,
				00C19C611BFDB3E500D597C9 /* RJKeyboard.h */,
				00C19C621BFDB3E500D597C9 /* RJKeyboard.m */,
			);
			path = RJKeyboard;
			sourceTree = "<group>";
		};
		00C19C3B1BFDB38F00D597C9 /* Supporting Files */ = {
			isa = PBXGroup;
			children = (
				00C19C3C1BFDB38F00D597C9 /* Info.plist */,
				00C19C3D1BFDB38F00D597C9 /* main.m */,
			);
			name = "Supporting Files";
			sourceTree = "<group>";
		};
		00C19C541BFDB38F00D597C9 /* RJKeyboardTests */ = {
			isa = PBXGroup;
			children = (
				00C19C571BFDB38F00D597C9 /* RJKeyboardTests.m */,
				00C19C551BFDB38F00D597C9 /* Supporting Files */,
			);
			path = RJKeyboardTests;
			sourceTree = "<group>";
		};
		00C19C551BFDB38F00D597C9 /* Supporting Files */ = {
			isa = PBXGroup;
			children = (
				00C19C561BFDB38F00D597C9 /* Info.plist */,
			);
			name = "Supporting Files";
			sourceTree = "<group>";
		};
/* End PBXGroup section */

/* Begin PBXNativeTarget section */
		00C19C371BFDB38F00D597C9 /* RJKeyboard */ = {
			isa = PBXNativeTarget;
			buildConfigurationList = 00C19C5B1BFDB38F00D597C9 /* Build configuration list for PBXNativeTarget "RJKeyboard" */;
			buildPhases = (
				00C19C341BFDB38F00D597C9 /* Sources */,
				00C19C351BFDB38F00D597C9 /* Frameworks */,
				00C19C361BFDB38F00D597C9 /* Resources */,
			);
			buildRules = (
			);
			dependencies = (
			);
			name = RJKeyboard;
			productName = RJKeyboard;
			productReference = 00C19C381BFDB38F00D597C9 /* RJKeyboard.app */;
			productType = "com.apple.product-type.application";
		};
		00C19C501BFDB38F00D597C9 /* RJKeyboardTests */ = {
			isa = PBXNativeTarget;
			buildConfigurationList = 00C19C5E1BFDB38F00D597C9 /* Build configuration list for PBXNativeTarget "RJKeyboardTests" */;
			buildPhases = (
				00C19C4D1BFDB38F00D597C9 /* Sources */,
				00C19C4E1BFDB38F00D597C9 /* Frameworks */,
				00C19C4F1BFDB38F00D597C9 /* Resources */,
			);
			buildRules = (
			);
			dependencies = (
				00C19C531BFDB38F00D597C9 /* PBXTargetDependency */,
			);
			name = RJKeyboardTests;
			productName = RJKeyboardTests;
			productReference = 00C19C511BFDB38F00D597C9 /* RJKeyboardTests.xctest */;
			productType = "com.apple.product-type.bundle.unit-test";
		};
/* End PBXNativeTarget section */

/* Begin PBXProject section */
		00C19C301BFDB38F00D597C9 /* Project object */ = {
			isa = PBXProject;
			attributes = {
				LastUpgradeCheck = 0610;
				ORGANIZATIONNAME = elinkdata;
				TargetAttributes = {
					00C19C371BFDB38F00D597C9 = {
						CreatedOnToolsVersion = 6.1.1;
					};
					00C19C501BFDB38F00D597C9 = {
						CreatedOnToolsVersion = 6.1.1;
						TestTargetID = 00C19C371BFDB38F00D597C9;
					};
				};
			};
			buildConfigurationList = 00C19C331BFDB38F00D597C9 /* Build configuration list for PBXProject "RJKeyboard" */;
			compatibilityVersion = "Xcode 3.2";
			developmentRegion = English;
			hasScannedForEncodings = 0;
			knownRegions = (
				en,
				Base,
			);
			mainGroup = 00C19C2F1BFDB38F00D597C9;
			productRefGroup = 00C19C391BFDB38F00D597C9 /* Products */;
			projectDirPath = "";
			projectRoot = "";
			targets = (
				00C19C371BFDB38F00D597C9 /* RJKeyboard */,
				00C19C501BFDB38F00D597C9 /* RJKeyboardTests */,
			);
		};
/* End PBXProject section */

/* Begin PBXResourcesBuildPhase section */
		00C19C361BFDB38F00D597C9 /* Resources */ = {
			isa = PBXResourcesBuildPhase;
			buildActionMask = 2147483647;
			files = (
				00C19C471BFDB38F00D597C9 /* Main.storyboard in Resources */,
				00C19C4C1BFDB38F00D597C9 /* LaunchScreen.xib in Resources */,
				00C19C491BFDB38F00D597C9 /* Images.xcassets in Resources */,
			);
			runOnlyForDeploymentPostprocessing = 0;
		};
		00C19C4F1BFDB38F00D597C9 /* Resources */ = {
			isa = PBXResourcesBuildPhase;
			buildActionMask = 2147483647;
			files = (
			);
			runOnlyForDeploymentPostprocessing = 0;
		};
/* End PBXResourcesBuildPhase section */

/* Begin PBXSourcesBuildPhase section */
		00C19C341BFDB38F00D597C9 /* Sources */ = {
			isa = PBXSourcesBuildPhase;
			buildActionMask = 2147483647;
			files = (
				00C19C631BFDB3E500D597C9 /* RJKeyboard.m in Sources */,
				00C19C441BFDB38F00D597C9 /* ViewController.m in Sources */,
				00C19C411BFDB38F00D597C9 /* AppDelegate.m in Sources */,
				00C19C3E1BFDB38F00D597C9 /* main.m in Sources */,
			);
			runOnlyForDeploymentPostprocessing = 0;
		};
		00C19C4D1BFDB38F00D597C9 /* Sources */ = {
			isa = PBXSourcesBuildPhase;
			buildActionMask = 2147483647;
			files = (
				00C19C581BFDB38F00D597C9 /* RJKeyboardTests.m in Sources */,
			);
			runOnlyForDeploymentPostprocessing = 0;
		};
/* End PBXSourcesBuildPhase section */

/* Begin PBXTargetDependency section */
		00C19C531BFDB38F00D597C9 /* PBXTargetDependency */ = {
			isa = PBXTargetDependency;
			target = 00C19C371BFDB38F00D597C9 /* RJKeyboard */;
			targetProxy = 00C19C521BFDB38F00D597C9 /* PBXContainerItemProxy */;
		};
/* End PBXTargetDependency section */

/* Begin PBXVariantGroup section */
		00C19C451BFDB38F00D597C9 /* Main.storyboard */ = {
			isa = PBXVariantGroup;
			children = (
				00C19C461BFDB38F00D597C9 /* Base */,
			);
			name = Main.storyboard;
			sourceTree = "<group>";
		};
		00C19C4A1BFDB38F00D597C9 /* LaunchScreen.xib */ = {
			isa = PBXVariantGroup;
			children = (
				00C19C4B1BFDB38F00D597C9 /* Base */,
			);
			name = LaunchScreen.xib;
			sourceTree = "<group>";
		};
/* End PBXVariantGroup section */

/* Begin XCBuildConfiguration section */
		00C19C591BFDB38F00D597C9 /* Debug */ = {
			isa = XCBuildConfiguration;
			buildSettings = {
				ALWAYS_SEARCH_USER_PATHS = NO;
				CLANG_CXX_LANGUAGE_STANDARD = "gnu++0x";
				CLANG_CXX_LIBRARY = "libc++";
				CLANG_ENABLE_MODULES = YES;
				CLANG_ENABLE_OBJC_ARC = YES;
				CLANG_WARN_BOOL_CONVERSION = YES;
				CLANG_WARN_CONSTANT_CONVERSION = YES;
				CLANG_WARN_DIRECT_OBJC_ISA_USAGE = YES_ERROR;
				CLANG_WARN_EMPTY_BODY = YES;
				CLANG_WARN_ENUM_CONVERSION = YES;
				CLANG_WARN_INT_CONVERSION = YES;
				CLANG_WARN_OBJC_ROOT_CLASS = YES_ERROR;
				CLANG_WARN_UNREACHABLE_CODE = YES;
				CLANG_WARN__DUPLICATE_METHOD_MATCH = YES;
				"CODE_SIGN_IDENTITY[sdk=iphoneos*]" = "iPhone Developer";
				COPY_PHASE_STRIP = NO;
				ENABLE_STRICT_OBJC_MSGSEND = YES;
				GCC_C_LANGUAGE_STANDARD = gnu99;
				GCC_DYNAMIC_NO_PIC = NO;
				GCC_OPTIMIZATION_LEVEL = 0;
				GCC_PREPROCESSOR_DEFINITIONS = (
					"DEBUG=1",
					"$(inherited)",
				);
				GCC_SYMBOLS_PRIVATE_EXTERN = NO;
				GCC_WARN_64_TO_32_BIT_CONVERSION = YES;
				GCC_WARN_ABOUT_RETURN_TYPE = YES_ERROR;
				GCC_WARN_UNDECLARED_SELECTOR = YES;
				GCC_WARN_UNINITIALIZED_AUTOS = YES_AGGRESSIVE;
				GCC_WARN_UNUSED_FUNCTION = YES;
				GCC_WARN_UNUSED_VARIABLE = YES;
				IPHONEOS_DEPLOYMENT_TARGET = 8.1;
				MTL_ENABLE_DEBUG_INFO = YES;
				ONLY_ACTIVE_ARCH = YES;
				SDKROOT = iphoneos;
			};
			name = Debug;
		};
		00C19C5A1BFDB38F00D597C9 /* Release */ = {
			isa = XCBuildConfiguration;
			buildSettings = {
				ALWAYS_SEARCH_USER_PATHS = NO;
				CLANG_CXX_LANGUAGE_STANDARD = "gnu++0x";
				CLANG_CXX_LIBRARY = "libc++";
				CLANG_ENABLE_MODULES = YES;
				CLANG_ENABLE_OBJC_ARC = YES;
				CLANG_WARN_BOOL_CONVERSION = YES;
				CLANG_WARN_CONSTANT_CONVERSION = YES;
				CLANG_WARN_DIRECT_OBJC_ISA_USAGE = YES_ERROR;
				CLANG_WARN_EMPTY_BODY = YES;
				CLANG_WARN_ENUM_CONVERSION = YES;
				CLANG_WARN_INT_CONVERSION = YES;
				CLANG_WARN_OBJC_ROOT_CLASS = YES_ERROR;
				CLANG_WARN_UNREACHABLE_CODE = YES;
				CLANG_WARN__DUPLICATE_METHOD_MATCH = YES;
				"CODE_SIGN_IDENTITY[sdk=iphoneos*]" = "iPhone Developer";
				COPY_PHASE_STRIP = YES;
				ENABLE_NS_ASSERTIONS = NO;
				ENABLE_STRICT_OBJC_MSGSEND = YES;
				GCC_C_LANGUAGE_STANDARD = gnu99;
				GCC_WARN_64_TO_32_BIT_CONVERSION = YES;
				GCC_WARN_ABOUT_RETURN_TYPE = YES_ERROR;
				GCC_WARN_UNDECLARED_SELECTOR = YES;
				GCC_WARN_UNINITIALIZED_AUTOS = YES_AGGRESSIVE;
				GCC_WARN_UNUSED_FUNCTION = YES;
				GCC_WARN_UNUSED_VARIABLE = YES;
				IPHONEOS_DEPLOYMENT_TARGET = 8.1;
				MTL_ENABLE_DEBUG_INFO = NO;
				SDKROOT = iphoneos;
				VALIDATE_PRODUCT = YES;
			};
			name = Release;
		};
		00C19C5C1BFDB38F00D597C9 /* Debug */ = {
			isa = XCBuildConfiguration;
			buildSettings = {
				ASSETCATALOG_COMPILER_APPICON_NAME = AppIcon;
				INFOPLIST_FILE = RJKeyboard/Info.plist;
				LD_RUNPATH_SEARCH_PATHS = "$(inherited) @executable_path/Frameworks";
				PRODUCT_NAME = "$(TARGET_NAME)";
			};
			name = Debug;
		};
		00C19C5D1BFDB38F00D597C9 /* Release */ = {
			isa = XCBuildConfiguration;
			buildSettings = {
				ASSETCATALOG_COMPILER_APPICON_NAME = AppIcon;
				INFOPLIST_FILE = RJKeyboard/Info.plist;
				LD_RUNPATH_SEARCH_PATHS = "$(inherited) @executable_path/Frameworks";
				PRODUCT_NAME = "$(TARGET_NAME)";
			};
			name = Release;
		};
		00C19C5F1BFDB38F00D597C9 /* Debug */ = {
			isa = XCBuildConfiguration;
			buildSettings = {
				BUNDLE_LOADER = "$(TEST_HOST)";
				FRAMEWORK_SEARCH_PATHS = (
					"$(SDKROOT)/Developer/Library/Frameworks",
					"$(inherited)",
				);
				GCC_PREPROCESSOR_DEFINITIONS = (
					"DEBUG=1",
					"$(inherited)",
				);
				INFOPLIST_FILE = RJKeyboardTests/Info.plist;
				LD_RUNPATH_SEARCH_PATHS = "$(inherited) @executable_path/Frameworks @loader_path/Frameworks";
				PRODUCT_NAME = "$(TARGET_NAME)";
				TEST_HOST = "$(BUILT_PRODUCTS_DIR)/RJKeyboard.app/RJKeyboard";
			};
			name = Debug;
		};
		00C19C601BFDB38F00D597C9 /* Release */ = {
			isa = XCBuildConfiguration;
			buildSettings = {
				BUNDLE_LOADER = "$(TEST_HOST)";
				FRAMEWORK_SEARCH_PATHS = (
					"$(SDKROOT)/Developer/Library/Frameworks",
					"$(inherited)",
				);
				INFOPLIST_FILE = RJKeyboardTests/Info.plist;
				LD_RUNPATH_SEARCH_PATHS = "$(inherited) @executable_path/Frameworks @loader_path/Frameworks";
				PRODUCT_NAME = "$(TARGET_NAME)";
				TEST_HOST = "$(BUILT_PRODUCTS_DIR)/RJKeyboard.app/RJKeyboard";
			};
			name = Release;
		};
/* End XCBuildConfiguration section */

/* Begin XCConfigurationList section */
		00C19C331BFDB38F00D597C9 /* Build configuration list for PBXProject "RJKeyboard" */ = {
			isa = XCConfigurationList;
			buildConfigurations = (
				00C19C591BFDB38F00D597C9 /* Debug */,
				00C19C5A1BFDB38F00D597C9 /* Release */,
			);
			defaultConfigurationIsVisible = 0;
			defaultConfigurationName = Release;
		};
		00C19C5B1BFDB38F00D597C9 /* Build configuration list for PBXNativeTarget "RJKeyboard" */ = {
			isa = XCConfigurationList;
			buildConfigurations = (
				00C19C5C1BFDB38F00D597C9 /* Debug */,
				00C19C5D1BFDB38F00D597C9 /* Release */,
			);
			defaultConfigurationIsVisible = 0;
		};
		00C19C5E1BFDB38F00D597C9 /* Build configuration list for PBXNativeTarget "RJKeyboardTests" */ = {
			isa = XCConfigurationList;
			buildConfigurations = (
				00C19C5F1BFDB38F00D597C9 /* Debug */,
				00C19C601BFDB38F00D597C9 /* Release */,
			);
			defaultConfigurationIsVisible = 0;
		};
/* End XCConfigurationList section */
	};
	rootObject = 00C19C301BFDB38F00D597C9 /* Project object */;
}
